
Microsoft Visual Studio Solution File, Format Version 12.00
# Visual Studio Version 16
VisualStudioVersion = 16.0.31321.278
MinimumVisualStudioVersion = 10.0.40219.1
Project("{8BC9CEB8-8B4A-11D0-8D11-00A0C91BC942}") = "RezerDemo", "RezerDemo\RezerDemo.vcxproj", "{E34C4B2A-1B28-45F8-9154-D0CE54CD59D8}"
EndProject
Global
	GlobalSection(SolutionConfigurationPlatforms) = preSolution
		Debug|x64 = Debug|x64
		Debug|x86 = Debug|x86
		Release|x64 = Release|x64
		Release|x86 = Release|x86
	EndGlobalSection
	GlobalSection(ProjectConfigurationPlatforms) = postSolution
		{E34C4B2A-1B28-45F8-9154-D0CE54CD59D8}.Debug|x64.ActiveCfg = Debug|x64
		{E34C4B2A-1B28-45F8-9154-D0CE54CD59D8}.Debug|x64.Build.0 = Debug|x64
		{E34C4B2A-1B28-45F8-9154-D0CE54CD59D8}.Debug|x86.ActiveCfg = Debug|Win32
		{E34C4B2A-1B28-45F8-9154-D0CE54CD59D8}.Debug|x86.Build.0 = Debug|Win32
		{E34C4B2A-1B28-45F8-9154-D0CE54CD59D8}.Release|x64.ActiveCfg = Release|x64
		{E34C4B2A-1B28-45F8-9154-D0CE54CD59D8}.Release|x64.Build.0 = Release|x64
		{E34C4B2A-1B28-45F8-9154-D0CE54CD59D8}.Release|x86.ActiveCfg = Release|Win32
		{E34C4B2A-1B28-45F8-9154-D0CE54CD59D8}.Release|x86.Build.0 = Release|Win32
	EndGlobalSection
	GlobalSection(SolutionProperties) = preSolution
		HideSolutionNode = FALSE
	EndGlobalSection
	GlobalSection(ExtensibilityGlobals) = postSolution
		SolutionGuid = {96ACAE2E-1975-45B0-8759-49AB53115DE9}
	EndGlobalSection
EndGlobal
